
Microsoft Visual Studio Solution File, Format Version 12.00
# Visual Studio Version 17
VisualStudioVersion = 17.14.36408.4
MinimumVisualStudioVersion = 10.0.40219.1
Project("{FAE04EC0-301F-11D3-BF4B-00C04F79EFBC}") = "http", "http\http.csproj", "{80F3F3C5-4D50-4BF3-92D3-4891EA7EA539}"
EndProject
Project("{FAE04EC0-301F-11D3-BF4B-00C04F79EFBC}") = "commons", "commons\commons.csproj", "{2FF18291-28E3-4771-8DA5-597B0FFD2CF3}"
EndProject
Project("{E53339B2-1760-4266-BCC7-CA923CBCF16C}") = "docker-compose", "docker-compose.dcproj", "{81DDED9D-158B-E303-5F62-77A2896D2A5A}"
EndProject
Project("{FAE04EC0-301F-11D3-BF4B-00C04F79EFBC}") = "users", "users\users.csproj", "{3B437BEC-8271-4B1F-B836-CBE41AC21048}"
EndProject
Project("{FAE04EC0-301F-11D3-BF4B-00C04F79EFBC}") = "email", "email\email.csproj", "{554C566E-D745-4A29-ACFB-A07068634796}"
EndProject
Project("{FAE04EC0-301F-11D3-BF4B-00C04F79EFBC}") = "excel", "excel\excel.csproj", "{504183A0-9A72-4349-8A5C-DA334AE7FD8E}"
EndProject
Project("{FAE04EC0-301F-11D3-BF4B-00C04F79EFBC}") = "announcements", "announcements\announcements.csproj", "{81D50621-69A8-4E4C-9632-FF0A270177DC}"
EndProject
Global
	GlobalSection(SolutionConfigurationPlatforms) = preSolution
		Debug|Any CPU = Debug|Any CPU
		Debug|x64 = Debug|x64
		Debug|x86 = Debug|x86
		Release|Any CPU = Release|Any CPU
		Release|x64 = Release|x64
		Release|x86 = Release|x86
	EndGlobalSection
	GlobalSection(ProjectConfigurationPlatforms) = postSolution
		{80F3F3C5-4D50-4BF3-92D3-4891EA7EA539}.Debug|Any CPU.ActiveCfg = Debug|Any CPU
		{80F3F3C5-4D50-4BF3-92D3-4891EA7EA539}.Debug|Any CPU.Build.0 = Debug|Any CPU
		{80F3F3C5-4D50-4BF3-92D3-4891EA7EA539}.Debug|x64.ActiveCfg = Debug|Any CPU
		{80F3F3C5-4D50-4BF3-92D3-4891EA7EA539}.Debug|x64.Build.0 = Debug|Any CPU
		{80F3F3C5-4D50-4BF3-92D3-4891EA7EA539}.Debug|x86.ActiveCfg = Debug|Any CPU
		{80F3F3C5-4D50-4BF3-92D3-4891EA7EA539}.Debug|x86.Build.0 = Debug|Any CPU
		{80F3F3C5-4D50-4BF3-92D3-4891EA7EA539}.Release|Any CPU.ActiveCfg = Release|Any CPU
		{80F3F3C5-4D50-4BF3-92D3-4891EA7EA539}.Release|Any CPU.Build.0 = Release|Any CPU
		{80F3F3C5-4D50-4BF3-92D3-4891EA7EA539}.Release|x64.ActiveCfg = Release|Any CPU
		{80F3F3C5-4D50-4BF3-92D3-4891EA7EA539}.Release|x64.Build.0 = Release|Any CPU
		{80F3F3C5-4D50-4BF3-92D3-4891EA7EA539}.Release|x86.ActiveCfg = Release|Any CPU
		{80F3F3C5-4D50-4BF3-92D3-4891EA7EA539}.Release|x86.Build.0 = Release|Any CPU
		{2FF18291-28E3-4771-8DA5-597B0FFD2CF3}.Debug|Any CPU.ActiveCfg = Debug|Any CPU
		{2FF18291-28E3-4771-8DA5-597B0FFD2CF3}.Debug|Any CPU.Build.0 = Debug|Any CPU
		{2FF18291-28E3-4771-8DA5-597B0FFD2CF3}.Debug|x64.ActiveCfg = Debug|Any CPU
		{2FF18291-28E3-4771-8DA5-597B0FFD2CF3}.Debug|x64.Build.0 = Debug|Any CPU
		{2FF18291-28E3-4771-8DA5-597B0FFD2CF3}.Debug|x86.ActiveCfg = Debug|Any CPU
		{2FF18291-28E3-4771-8DA5-597B0FFD2CF3}.Debug|x86.Build.0 = Debug|Any CPU
		{2FF18291-28E3-4771-8DA5-597B0FFD2CF3}.Release|Any CPU.ActiveCfg = Release|Any CPU
		{2FF18291-28E3-4771-8DA5-597B0FFD2CF3}.Release|Any CPU.Build.0 = Release|Any CPU
		{2FF18291-28E3-4771-8DA5-597B0FFD2CF3}.Release|x64.ActiveCfg = Release|Any CPU
		{2FF18291-28E3-4771-8DA5-597B0FFD2CF3}.Release|x64.Build.0 = Release|Any CPU
		{2FF18291-28E3-4771-8DA5-597B0FFD2CF3}.Release|x86.ActiveCfg = Release|Any CPU
		{2FF18291-28E3-4771-8DA5-597B0FFD2CF3}.Release|x86.Build.0 = Release|Any CPU
		{81DDED9D-158B-E303-5F62-77A2896D2A5A}.Debug|Any CPU.ActiveCfg = Debug|Any CPU
		{81DDED9D-158B-E303-5F62-77A2896D2A5A}.Debug|Any CPU.Build.0 = Debug|Any CPU
		{81DDED9D-158B-E303-5F62-77A2896D2A5A}.Debug|x64.ActiveCfg = Debug|x64
		{81DDED9D-158B-E303-5F62-77A2896D2A5A}.Debug|x86.ActiveCfg = Debug|x86
		{81DDED9D-158B-E303-5F62-77A2896D2A5A}.Release|Any CPU.ActiveCfg = Release|Any CPU
		{81DDED9D-158B-E303-5F62-77A2896D2A5A}.Release|Any CPU.Build.0 = Release|Any CPU
		{81DDED9D-158B-E303-5F62-77A2896D2A5A}.Release|x64.ActiveCfg = Release|x64
		{81DDED9D-158B-E303-5F62-77A2896D2A5A}.Release|x86.ActiveCfg = Release|x86
		{3B437BEC-8271-4B1F-B836-CBE41AC21048}.Debug|Any CPU.ActiveCfg = Debug|Any CPU
		{3B437BEC-8271-4B1F-B836-CBE41AC21048}.Debug|Any CPU.Build.0 = Debug|Any CPU
		{3B437BEC-8271-4B1F-B836-CBE41AC21048}.Debug|x64.ActiveCfg = Debug|Any CPU
		{3B437BEC-8271-4B1F-B836-CBE41AC21048}.Debug|x64.Build.0 = Debug|Any CPU
		{3B437BEC-8271-4B1F-B836-CBE41AC21048}.Debug|x86.ActiveCfg = Debug|Any CPU
		{3B437BEC-8271-4B1F-B836-CBE41AC21048}.Debug|x86.Build.0 = Debug|Any CPU
		{3B437BEC-8271-4B1F-B836-CBE41AC21048}.Release|Any CPU.ActiveCfg = Release|Any CPU
		{3B437BEC-8271-4B1F-B836-CBE41AC21048}.Release|Any CPU.Build.0 = Release|Any CPU
		{3B437BEC-8271-4B1F-B836-CBE41AC21048}.Release|x64.ActiveCfg = Release|Any CPU
		{3B437BEC-8271-4B1F-B836-CBE41AC21048}.Release|x64.Build.0 = Release|Any CPU
		{3B437BEC-8271-4B1F-B836-CBE41AC21048}.Release|x86.ActiveCfg = Release|Any CPU
		{3B437BEC-8271-4B1F-B836-CBE41AC21048}.Release|x86.Build.0 = Release|Any CPU
		{554C566E-D745-4A29-ACFB-A07068634796}.Debug|Any CPU.ActiveCfg = Debug|Any CPU
		{554C566E-D745-4A29-ACFB-A07068634796}.Debug|Any CPU.Build.0 = Debug|Any CPU
		{554C566E-D745-4A29-ACFB-A07068634796}.Debug|x64.ActiveCfg = Debug|Any CPU
		{554C566E-D745-4A29-ACFB-A07068634796}.Debug|x64.Build.0 = Debug|Any CPU
		{554C566E-D745-4A29-ACFB-A07068634796}.Debug|x86.ActiveCfg = Debug|Any CPU
		{554C566E-D745-4A29-ACFB-A07068634796}.Debug|x86.Build.0 = Debug|Any CPU
		{554C566E-D745-4A29-ACFB-A07068634796}.Release|Any CPU.ActiveCfg = Release|Any CPU
		{554C566E-D745-4A29-ACFB-A07068634796}.Release|Any CPU.Build.0 = Release|Any CPU
		{554C566E-D745-4A29-ACFB-A07068634796}.Release|x64.ActiveCfg = Release|Any CPU
		{554C566E-D745-4A29-ACFB-A07068634796}.Release|x64.Build.0 = Release|Any CPU
		{554C566E-D745-4A29-ACFB-A07068634796}.Release|x86.ActiveCfg = Release|Any CPU
		{554C566E-D745-4A29-ACFB-A07068634796}.Release|x86.Build.0 = Release|Any CPU
		{504183A0-9A72-4349-8A5C-DA334AE7FD8E}.Debug|Any CPU.ActiveCfg = Debug|Any CPU
		{504183A0-9A72-4349-8A5C-DA334AE7FD8E}.Debug|Any CPU.Build.0 = Debug|Any CPU
		{504183A0-9A72-4349-8A5C-DA334AE7FD8E}.Debug|x64.ActiveCfg = Debug|Any CPU
		{504183A0-9A72-4349-8A5C-DA334AE7FD8E}.Debug|x64.Build.0 = Debug|Any CPU
		{504183A0-9A72-4349-8A5C-DA334AE7FD8E}.Debug|x86.ActiveCfg = Debug|Any CPU
		{504183A0-9A72-4349-8A5C-DA334AE7FD8E}.Debug|x86.Build.0 = Debug|Any CPU
		{504183A0-9A72-4349-8A5C-DA334AE7FD8E}.Release|Any CPU.ActiveCfg = Release|Any CPU
		{504183A0-9A72-4349-8A5C-DA334AE7FD8E}.Release|Any CPU.Build.0 = Release|Any CPU
		{504183A0-9A72-4349-8A5C-DA334AE7FD8E}.Release|x64.ActiveCfg = Release|Any CPU
		{504183A0-9A72-4349-8A5C-DA334AE7FD8E}.Release|x64.Build.0 = Release|Any CPU
		{504183A0-9A72-4349-8A5C-DA334AE7FD8E}.Release|x86.ActiveCfg = Release|Any CPU
		{504183A0-9A72-4349-8A5C-DA334AE7FD8E}.Release|x86.Build.0 = Release|Any CPU
		{81D50621-69A8-4E4C-9632-FF0A270177DC}.Debug|Any CPU.ActiveCfg = Debug|Any CPU
		{81D50621-69A8-4E4C-9632-FF0A270177DC}.Debug|Any CPU.Build.0 = Debug|Any CPU
		{81D50621-69A8-4E4C-9632-FF0A270177DC}.Debug|x64.ActiveCfg = Debug|Any CPU
		{81D50621-69A8-4E4C-9632-FF0A270177DC}.Debug|x64.Build.0 = Debug|Any CPU
		{81D50621-69A8-4E4C-9632-FF0A270177DC}.Debug|x86.ActiveCfg = Debug|Any CPU
		{81D50621-69A8-4E4C-9632-FF0A270177DC}.Debug|x86.Build.0 = Debug|Any CPU
		{81D50621-69A8-4E4C-9632-FF0A270177DC}.Release|Any CPU.ActiveCfg = Release|Any CPU
		{81D50621-69A8-4E4C-9632-FF0A270177DC}.Release|Any CPU.Build.0 = Release|Any CPU
		{81D50621-69A8-4E4C-9632-FF0A270177DC}.Release|x64.ActiveCfg = Release|Any CPU
		{81D50621-69A8-4E4C-9632-FF0A270177DC}.Release|x64.Build.0 = Release|Any CPU
		{81D50621-69A8-4E4C-9632-FF0A270177DC}.Release|x86.ActiveCfg = Release|Any CPU
		{81D50621-69A8-4E4C-9632-FF0A270177DC}.Release|x86.Build.0 = Release|Any CPU
	EndGlobalSection
	GlobalSection(SolutionProperties) = preSolution
		HideSolutionNode = FALSE
	EndGlobalSection
	GlobalSection(ExtensibilityGlobals) = postSolution
		SolutionGuid = {97C09D97-7653-44E1-B4A5-929CB007FA48}
	EndGlobalSection
EndGlobal
